
Microsoft Visual Studio Solution File, Format Version 12.00
# Visual Studio Version 17
VisualStudioVersion = 17.2.32602.215
MinimumVisualStudioVersion = 10.0.40219.1
Project("{FAE04EC0-301F-11D3-BF4B-00C04F79EFBC}") = "Server", "Server\Server.csproj", "{0A451050-D1FD-4D32-B1B7-1FB0FC4EBCE7}"
EndProject
Project("{FAE04EC0-301F-11D3-BF4B-00C04F79EFBC}") = "Client", "Client\Client.csproj", "{F9FEB72D-EF90-4A89-973A-18BAF10A3141}"
EndProject
Project("{FAE04EC0-301F-11D3-BF4B-00C04F79EFBC}") = "ConnectLibrary", "ConnectLibrary\ConnectLibrary.csproj", "{64507B32-CC63-411E-A428-4EA84A43C994}"
EndProject
Global
	GlobalSection(SolutionConfigurationPlatforms) = preSolution
		Debug|Any CPU = Debug|Any CPU
		Release|Any CPU = Release|Any CPU
	EndGlobalSection
	GlobalSection(ProjectConfigurationPlatforms) = postSolution
		{0A451050-D1FD-4D32-B1B7-1FB0FC4EBCE7}.Debug|Any CPU.ActiveCfg = Debug|Any CPU
		{0A451050-D1FD-4D32-B1B7-1FB0FC4EBCE7}.Debug|Any CPU.Build.0 = Debug|Any CPU
		{0A451050-D1FD-4D32-B1B7-1FB0FC4EBCE7}.Release|Any CPU.ActiveCfg = Release|Any CPU
		{0A451050-D1FD-4D32-B1B7-1FB0FC4EBCE7}.Release|Any CPU.Build.0 = Release|Any CPU
		{F9FEB72D-EF90-4A89-973A-18BAF10A3141}.Debug|Any CPU.ActiveCfg = Debug|Any CPU
		{F9FEB72D-EF90-4A89-973A-18BAF10A3141}.Debug|Any CPU.Build.0 = Debug|Any CPU
		{F9FEB72D-EF90-4A89-973A-18BAF10A3141}.Release|Any CPU.ActiveCfg = Release|Any CPU
		{F9FEB72D-EF90-4A89-973A-18BAF10A3141}.Release|Any CPU.Build.0 = Release|Any CPU
		{64507B32-CC63-411E-A428-4EA84A43C994}.Debug|Any CPU.ActiveCfg = Debug|Any CPU
		{64507B32-CC63-411E-A428-4EA84A43C994}.Debug|Any CPU.Build.0 = Debug|Any CPU
		{64507B32-CC63-411E-A428-4EA84A43C994}.Release|Any CPU.ActiveCfg = Release|Any CPU
		{64507B32-CC63-411E-A428-4EA84A43C994}.Release|Any CPU.Build.0 = Release|Any CPU
	EndGlobalSection
	GlobalSection(SolutionProperties) = preSolution
		HideSolutionNode = FALSE
	EndGlobalSection
	GlobalSection(ExtensibilityGlobals) = postSolution
		SolutionGuid = {A7463A92-8EF2-4C8D-966A-BC2ED26F281E}
	EndGlobalSection
EndGlobal
